# This file is automatically @generated by Cargo.
# It is not intended for manual editing.
[[package]]
name = "pom"
version = "3.1.0"
source = "registry+https://github.com/rust-lang/crates.io-index"
checksum = "ef5cf7f52c12da93c26b63ee0d9f012bc82fb071851c546c030dc6ecb5f2994b"

[[package]]
name = "tp"
version = "0.1.0"
dependencies = [
 "pom",
]
